
Microsoft Visual Studio Solution File, Format Version 12.00
# Visual Studio Version 16
VisualStudioVersion = 16.0.30204.135
MinimumVisualStudioVersion = 10.0.40219.1
Project("{FAE04EC0-301F-11D3-BF4B-00C04F79EFBC}") = "SCTestApp.Android", "SCTestApp\SCTestApp.Android\SCTestApp.Android.csproj", "{FD12F625-B997-44E2-8CD2-1DB4F2864E70}"
EndProject
Project("{FAE04EC0-301F-11D3-BF4B-00C04F79EFBC}") = "SCTestApp.iOS", "SCTestApp\SCTestApp.iOS\SCTestApp.iOS.csproj", "{D3EF2787-7DE2-49ED-BE20-B5A3266E4CB8}"
EndProject
Project("{9A19103F-16F7-4668-BE54-9A1E7A4F7556}") = "SCTestApp", "SCTestApp\SCTestApp\SCTestApp.csproj", "{AF03F381-E44E-44E5-8036-5D6A37DFA017}"
EndProject
Project("{FAE04EC0-301F-11D3-BF4B-00C04F79EFBC}") = "UITest3", "UITest3\UITest3.csproj", "{07DAA675-74EA-4C33-8DE4-62F89DEB2B41}"
EndProject
Global
	GlobalSection(SolutionConfigurationPlatforms) = preSolution
		Debug|Any CPU = Debug|Any CPU
		Debug|iPhone = Debug|iPhone
		Debug|iPhoneSimulator = Debug|iPhoneSimulator
		Release|Any CPU = Release|Any CPU
		Release|iPhone = Release|iPhone
		Release|iPhoneSimulator = Release|iPhoneSimulator
	EndGlobalSection
	GlobalSection(ProjectConfigurationPlatforms) = postSolution
		{FD12F625-B997-44E2-8CD2-1DB4F2864E70}.Debug|Any CPU.ActiveCfg = Debug|Any CPU
		{FD12F625-B997-44E2-8CD2-1DB4F2864E70}.Debug|Any CPU.Build.0 = Debug|Any CPU
		{FD12F625-B997-44E2-8CD2-1DB4F2864E70}.Debug|Any CPU.Deploy.0 = Debug|Any CPU
		{FD12F625-B997-44E2-8CD2-1DB4F2864E70}.Debug|iPhone.ActiveCfg = Debug|Any CPU
		{FD12F625-B997-44E2-8CD2-1DB4F2864E70}.Debug|iPhone.Build.0 = Debug|Any CPU
		{FD12F625-B997-44E2-8CD2-1DB4F2864E70}.Debug|iPhone.Deploy.0 = Debug|Any CPU
		{FD12F625-B997-44E2-8CD2-1DB4F2864E70}.Debug|iPhoneSimulator.ActiveCfg = Debug|Any CPU
		{FD12F625-B997-44E2-8CD2-1DB4F2864E70}.Debug|iPhoneSimulator.Build.0 = Debug|Any CPU
		{FD12F625-B997-44E2-8CD2-1DB4F2864E70}.Debug|iPhoneSimulator.Deploy.0 = Debug|Any CPU
		{FD12F625-B997-44E2-8CD2-1DB4F2864E70}.Release|Any CPU.ActiveCfg = Release|Any CPU
		{FD12F625-B997-44E2-8CD2-1DB4F2864E70}.Release|Any CPU.Build.0 = Release|Any CPU
		{FD12F625-B997-44E2-8CD2-1DB4F2864E70}.Release|Any CPU.Deploy.0 = Release|Any CPU
		{FD12F625-B997-44E2-8CD2-1DB4F2864E70}.Release|iPhone.ActiveCfg = Release|Any CPU
		{FD12F625-B997-44E2-8CD2-1DB4F2864E70}.Release|iPhone.Build.0 = Release|Any CPU
		{FD12F625-B997-44E2-8CD2-1DB4F2864E70}.Release|iPhone.Deploy.0 = Release|Any CPU
		{FD12F625-B997-44E2-8CD2-1DB4F2864E70}.Release|iPhoneSimulator.ActiveCfg = Release|Any CPU
		{FD12F625-B997-44E2-8CD2-1DB4F2864E70}.Release|iPhoneSimulator.Build.0 = Release|Any CPU
		{FD12F625-B997-44E2-8CD2-1DB4F2864E70}.Release|iPhoneSimulator.Deploy.0 = Release|Any CPU
		{D3EF2787-7DE2-49ED-BE20-B5A3266E4CB8}.Debug|Any CPU.ActiveCfg = Debug|iPhone
		{D3EF2787-7DE2-49ED-BE20-B5A3266E4CB8}.Debug|Any CPU.Build.0 = Debug|iPhone
		{D3EF2787-7DE2-49ED-BE20-B5A3266E4CB8}.Debug|Any CPU.Deploy.0 = Debug|iPhone
		{D3EF2787-7DE2-49ED-BE20-B5A3266E4CB8}.Debug|iPhone.ActiveCfg = Debug|iPhone
		{D3EF2787-7DE2-49ED-BE20-B5A3266E4CB8}.Debug|iPhone.Build.0 = Debug|iPhone
		{D3EF2787-7DE2-49ED-BE20-B5A3266E4CB8}.Debug|iPhone.Deploy.0 = Debug|iPhone
		{D3EF2787-7DE2-49ED-BE20-B5A3266E4CB8}.Debug|iPhoneSimulator.ActiveCfg = Debug|iPhoneSimulator
		{D3EF2787-7DE2-49ED-BE20-B5A3266E4CB8}.Debug|iPhoneSimulator.Build.0 = Debug|iPhoneSimulator
		{D3EF2787-7DE2-49ED-BE20-B5A3266E4CB8}.Debug|iPhoneSimulator.Deploy.0 = Debug|iPhoneSimulator
		{D3EF2787-7DE2-49ED-BE20-B5A3266E4CB8}.Release|Any CPU.ActiveCfg = Release|iPhone
		{D3EF2787-7DE2-49ED-BE20-B5A3266E4CB8}.Release|Any CPU.Build.0 = Release|iPhone
		{D3EF2787-7DE2-49ED-BE20-B5A3266E4CB8}.Release|Any CPU.Deploy.0 = Release|iPhone
		{D3EF2787-7DE2-49ED-BE20-B5A3266E4CB8}.Release|iPhone.ActiveCfg = Release|iPhone
		{D3EF2787-7DE2-49ED-BE20-B5A3266E4CB8}.Release|iPhone.Build.0 = Release|iPhone
		{D3EF2787-7DE2-49ED-BE20-B5A3266E4CB8}.Release|iPhone.Deploy.0 = Release|iPhone
		{D3EF2787-7DE2-49ED-BE20-B5A3266E4CB8}.Release|iPhoneSimulator.ActiveCfg = Release|iPhoneSimulator
		{D3EF2787-7DE2-49ED-BE20-B5A3266E4CB8}.Release|iPhoneSimulator.Build.0 = Release|iPhoneSimulator
		{D3EF2787-7DE2-49ED-BE20-B5A3266E4CB8}.Release|iPhoneSimulator.Deploy.0 = Release|iPhoneSimulator
		{AF03F381-E44E-44E5-8036-5D6A37DFA017}.Debug|Any CPU.ActiveCfg = Debug|Any CPU
		{AF03F381-E44E-44E5-8036-5D6A37DFA017}.Debug|Any CPU.Build.0 = Debug|Any CPU
		{AF03F381-E44E-44E5-8036-5D6A37DFA017}.Debug|Any CPU.Deploy.0 = Debug|Any CPU
		{AF03F381-E44E-44E5-8036-5D6A37DFA017}.Debug|iPhone.ActiveCfg = Debug|Any CPU
		{AF03F381-E44E-44E5-8036-5D6A37DFA017}.Debug|iPhone.Build.0 = Debug|Any CPU
		{AF03F381-E44E-44E5-8036-5D6A37DFA017}.Debug|iPhone.Deploy.0 = Debug|Any CPU
		{AF03F381-E44E-44E5-8036-5D6A37DFA017}.Debug|iPhoneSimulator.ActiveCfg = Debug|Any CPU
		{AF03F381-E44E-44E5-8036-5D6A37DFA017}.Debug|iPhoneSimulator.Build.0 = Debug|Any CPU
		{AF03F381-E44E-44E5-8036-5D6A37DFA017}.Debug|iPhoneSimulator.Deploy.0 = Debug|Any CPU
		{AF03F381-E44E-44E5-8036-5D6A37DFA017}.Release|Any CPU.ActiveCfg = Release|Any CPU
		{AF03F381-E44E-44E5-8036-5D6A37DFA017}.Release|Any CPU.Build.0 = Release|Any CPU
		{AF03F381-E44E-44E5-8036-5D6A37DFA017}.Release|Any CPU.Deploy.0 = Release|Any CPU
		{AF03F381-E44E-44E5-8036-5D6A37DFA017}.Release|iPhone.ActiveCfg = Release|Any CPU
		{AF03F381-E44E-44E5-8036-5D6A37DFA017}.Release|iPhone.Build.0 = Release|Any CPU
		{AF03F381-E44E-44E5-8036-5D6A37DFA017}.Release|iPhone.Deploy.0 = Release|Any CPU
		{AF03F381-E44E-44E5-8036-5D6A37DFA017}.Release|iPhoneSimulator.ActiveCfg = Release|Any CPU
		{AF03F381-E44E-44E5-8036-5D6A37DFA017}.Release|iPhoneSimulator.Build.0 = Release|Any CPU
		{AF03F381-E44E-44E5-8036-5D6A37DFA017}.Release|iPhoneSimulator.Deploy.0 = Release|Any CPU
		{07DAA675-74EA-4C33-8DE4-62F89DEB2B41}.Debug|Any CPU.ActiveCfg = Debug|Any CPU
		{07DAA675-74EA-4C33-8DE4-62F89DEB2B41}.Debug|Any CPU.Build.0 = Debug|Any CPU
		{07DAA675-74EA-4C33-8DE4-62F89DEB2B41}.Debug|iPhone.ActiveCfg = Debug|Any CPU
		{07DAA675-74EA-4C33-8DE4-62F89DEB2B41}.Debug|iPhone.Build.0 = Debug|Any CPU
		{07DAA675-74EA-4C33-8DE4-62F89DEB2B41}.Debug|iPhoneSimulator.ActiveCfg = Debug|Any CPU
		{07DAA675-74EA-4C33-8DE4-62F89DEB2B41}.Debug|iPhoneSimulator.Build.0 = Debug|Any CPU
		{07DAA675-74EA-4C33-8DE4-62F89DEB2B41}.Release|Any CPU.ActiveCfg = Release|Any CPU
		{07DAA675-74EA-4C33-8DE4-62F89DEB2B41}.Release|Any CPU.Build.0 = Release|Any CPU
		{07DAA675-74EA-4C33-8DE4-62F89DEB2B41}.Release|iPhone.ActiveCfg = Release|Any CPU
		{07DAA675-74EA-4C33-8DE4-62F89DEB2B41}.Release|iPhone.Build.0 = Release|Any CPU
		{07DAA675-74EA-4C33-8DE4-62F89DEB2B41}.Release|iPhoneSimulator.ActiveCfg = Release|Any CPU
		{07DAA675-74EA-4C33-8DE4-62F89DEB2B41}.Release|iPhoneSimulator.Build.0 = Release|Any CPU
	EndGlobalSection
	GlobalSection(SolutionProperties) = preSolution
		HideSolutionNode = FALSE
	EndGlobalSection
	GlobalSection(ExtensibilityGlobals) = postSolution
		SolutionGuid = {4E2A1C16-E1D8-4147-8A29-BC2AE54C5433}
	EndGlobalSection
EndGlobal
